// !$*UTF8*$!
{
	archiveVersion = 1;
	classes = {
	};
	objectVersion = 46;
	objects = {

/* Begin PBXBuildFile section */
		50A704AE1B65C1BD00FB5E4D /* AppDelegate.swift in Sources */ = {isa = PBXBuildFile; fileRef = 50A704AD1B65C1BD00FB5E4D /* AppDelegate.swift */; };
		50A704B01B65C1BD00FB5E4D /* ViewController.swift in Sources */ = {isa = PBXBuildFile; fileRef = 50A704AF1B65C1BD00FB5E4D /* ViewController.swift */; };
		50A704B31B65C1BE00FB5E4D /* Main.storyboard in Resources */ = {isa = PBXBuildFile; fileRef = 50A704B11B65C1BE00FB5E4D /* Main.storyboard */; };
		50A704B51B65C1BE00FB5E4D /* Images.xcassets in Resources */ = {isa = PBXBuildFile; fileRef = 50A704B41B65C1BE00FB5E4D /* Images.xcassets */; };
		50A704B81B65C1BE00FB5E4D /* LaunchScreen.xib in Resources */ = {isa = PBXBuildFile; fileRef = 50A704B61B65C1BE00FB5E4D /* LaunchScreen.xib */; };
		50A704C41B65C1BE00FB5E4D /* BtnImageSettingTests.swift in Sources */ = {isa = PBXBuildFile; fileRef = 50A704C31B65C1BE00FB5E4D /* BtnImageSettingTests.swift */; };
/* End PBXBuildFile section */

/* Begin PBXContainerItemProxy section */
		50A704BE1B65C1BE00FB5E4D /* PBXContainerItemProxy */ = {
			isa = PBXContainerItemProxy;
			containerPortal = 50A704A01B65C1BD00FB5E4D /* Project object */;
			proxyType = 1;
			remoteGlobalIDString = 50A704A71B65C1BD00FB5E4D;
			remoteInfo = BtnImageSetting;
		};
/* End PBXContainerItemProxy section */

/* Begin PBXFileReference section */
		50A704A81B65C1BD00FB5E4D /* BtnImageSetting.app */ = {isa = PBXFileReference; explicitFileType = wrapper.application; includeInIndex = 0; path = BtnImageSetting.app; sourceTree = BUILT_PRODUCTS_DIR; };
		50A704AC1B65C1BD00FB5E4D /* Info.plist */ = {isa = PBXFileReference; lastKnownFileType = text.plist.xml; path = Info.plist; sourceTree = "<group>"; };
		50A704AD1B65C1BD00FB5E4D /* AppDelegate.swift */ = {isa = PBXFileReference; lastKnownFileType = sourcecode.swift; path = AppDelegate.swift; sourceTree = "<group>"; };
		50A704AF1B65C1BD00FB5E4D /* ViewController.swift */ = {isa = PBXFileReference; lastKnownFileType = sourcecode.swift; path = ViewController.swift; sourceTree = "<group>"; };
		50A704B21B65C1BE00FB5E4D /* Base */ = {isa = PBXFileReference; lastKnownFileType = file.storyboard; name = Base; path = Base.lproj/Main.storyboard; sourceTree = "<group>"; };
		50A704B41B65C1BE00FB5E4D /* Images.xcassets */ = {isa = PBXFileReference; lastKnownFileType = folder.assetcatalog; path = Images.xcassets; sourceTree = "<group>"; };
		50A704B71B65C1BE00FB5E4D /* Base */ = {isa = PBXFileReference; lastKnownFileType = file.xib; name = Base; path = Base.lproj/LaunchScreen.xib; sourceTree = "<group>"; };
		50A704BD1B65C1BE00FB5E4D /* BtnImageSettingTests.xctest */ = {isa = PBXFileReference; explicitFileType = wrapper.cfbundle; includeInIndex = 0; path = BtnImageSettingTests.xctest; sourceTree = BUILT_PRODUCTS_DIR; };
		50A704C21B65C1BE00FB5E4D /* Info.plist */ = {isa = PBXFileReference; lastKnownFileType = text.plist.xml; path = Info.plist; sourceTree = "<group>"; };
		50A704C31B65C1BE00FB5E4D /* BtnImageSettingTests.swift */ = {isa = PBXFileReference; lastKnownFileType = sourcecode.swift; path = BtnImageSettingTests.swift; sourceTree = "<group>"; };
/* End PBXFileReference section */

/* Begin PBXFrameworksBuildPhase section */
		50A704A51B65C1BD00FB5E4D /* Frameworks */ = {
			isa = PBXFrameworksBuildPhase;
			buildActionMask = 2147483647;
			files = (
			);
			runOnlyForDeploymentPostprocessing = 0;
		};
		50A704BA1B65C1BE00FB5E4D /* Frameworks */ = {
			isa = PBXFrameworksBuildPhase;
			buildActionMask = 2147483647;
			files = (
			);
			runOnlyForDeploymentPostprocessing = 0;
		};
/* End PBXFrameworksBuildPhase section */

/* Begin PBXGroup section */
		50A7049F1B65C1BD00FB5E4D = {
			isa = PBXGroup;
			children = (
				50A704AA1B65C1BD00FB5E4D /* BtnImageSetting */,
				50A704C01B65C1BE00FB5E4D /* BtnImageSettingTests */,
				50A704A91B65C1BD00FB5E4D /* Products */,
			);
			sourceTree = "<group>";
		};
		50A704A91B65C1BD00FB5E4D /* Products */ = {
			isa = PBXGroup;
			children = (
				50A704A81B65C1BD00FB5E4D /* BtnImageSetting.app */,
				50A704BD1B65C1BE00FB5E4D /* BtnImageSettingTests.xctest */,
			);
			name = Products;
			sourceTree = "<group>";
		};
		50A704AA1B65C1BD00FB5E4D /* BtnImageSetting */ = {
			isa = PBXGroup;
			children = (
				50A704AD1B65C1BD00FB5E4D /* AppDelegate.swift */,
				50A704AF1B65C1BD00FB5E4D /* ViewController.swift */,
				50A704B11B65C1BE00FB5E4D /* Main.storyboard */,
				50A704B41B65C1BE00FB5E4D /* Images.xcassets */,
				50A704B61B65C1BE00FB5E4D /* LaunchScreen.xib */,
				50A704AB1B65C1BD00FB5E4D /* Supporting Files */,
			);
			path = BtnImageSetting;
			sourceTree = "<group>";
		};
		50A704AB1B65C1BD00FB5E4D /* Supporting Files */ = {
			isa = PBXGroup;
			children = (
				50A704AC1B65C1BD00FB5E4D /* Info.plist */,
			);
			name = "Supporting Files";
			sourceTree = "<group>";
		};
		50A704C01B65C1BE00FB5E4D /* BtnImageSettingTests */ = {
			isa = PBXGroup;
			children = (
				50A704C31B65C1BE00FB5E4D /* BtnImageSettingTests.swift */,
				50A704C11B65C1BE00FB5E4D /* Supporting Files */,
			);
			path = BtnImageSettingTests;
			sourceTree = "<group>";
		};
		50A704C11B65C1BE00FB5E4D /* Supporting Files */ = {
			isa = PBXGroup;
			children = (
				50A704C21B65C1BE00FB5E4D /* Info.plist */,
			);
			name = "Supporting Files";
			sourceTree = "<group>";
		};
/* End PBXGroup section */

/* Begin PBXNativeTarget section */
		50A704A71B65C1BD00FB5E4D /* BtnImageSetting */ = {
			isa = PBXNativeTarget;
			buildConfigurationList = 50A704C71B65C1BE00FB5E4D /* Build configuration list for PBXNativeTarget "BtnImageSetting" */;
			buildPhases = (
				50A704A41B65C1BD00FB5E4D /* Sources */,
				50A704A51B65C1BD00FB5E4D /* Frameworks */,
				50A704A61B65C1BD00FB5E4D /* Resources */,
			);
			buildRules = (
			);
			dependencies = (
			);
			name = BtnImageSetting;
			productName = BtnImageSetting;
			productReference = 50A704A81B65C1BD00FB5E4D /* BtnImageSetting.app */;
			productType = "com.apple.product-type.application";
		};
		50A704BC1B65C1BE00FB5E4D /* BtnImageSettingTests */ = {
			isa = PBXNativeTarget;
			buildConfigurationList = 50A704CA1B65C1BE00FB5E4D /* Build configuration list for PBXNativeTarget "BtnImageSettingTests" */;
			buildPhases = (
				50A704B91B65C1BE00FB5E4D /* Sources */,
				50A704BA1B65C1BE00FB5E4D /* Frameworks */,
				50A704BB1B65C1BE00FB5E4D /* Resources */,
			);
			buildRules = (
			);
			dependencies = (
				50A704BF1B65C1BE00FB5E4D /* PBXTargetDependency */,
			);
			name = BtnImageSettingTests;
			productName = BtnImageSettingTests;
			productReference = 50A704BD1B65C1BE00FB5E4D /* BtnImageSettingTests.xctest */;
			productType = "com.apple.product-type.bundle.unit-test";
		};
/* End PBXNativeTarget section */

/* Begin PBXProject section */
		50A704A01B65C1BD00FB5E4D /* Project object */ = {
			isa = PBXProject;
			attributes = {
				LastUpgradeCheck = 0630;
				ORGANIZATIONNAME = qingjiezhao;
				TargetAttributes = {
					50A704A71B65C1BD00FB5E4D = {
						CreatedOnToolsVersion = 6.3.1;
					};
					50A704BC1B65C1BE00FB5E4D = {
						CreatedOnToolsVersion = 6.3.1;
						TestTargetID = 50A704A71B65C1BD00FB5E4D;
					};
				};
			};
			buildConfigurationList = 50A704A31B65C1BD00FB5E4D /* Build configuration list for PBXProject "BtnImageSetting" */;
			compatibilityVersion = "Xcode 3.2";
			developmentRegion = English;
			hasScannedForEncodings = 0;
			knownRegions = (
				en,
				Base,
			);
			mainGroup = 50A7049F1B65C1BD00FB5E4D;
			productRefGroup = 50A704A91B65C1BD00FB5E4D /* Products */;
			projectDirPath = "";
			projectRoot = "";
			targets = (
				50A704A71B65C1BD00FB5E4D /* BtnImageSetting */,
				50A704BC1B65C1BE00FB5E4D /* BtnImageSettingTests */,
			);
		};
/* End PBXProject section */

/* Begin PBXResourcesBuildPhase section */
		50A704A61B65C1BD00FB5E4D /* Resources */ = {
			isa = PBXResourcesBuildPhase;
			buildActionMask = 2147483647;
			files = (
				50A704B31B65C1BE00FB5E4D /* Main.storyboard in Resources */,
				50A704B81B65C1BE00FB5E4D /* LaunchScreen.xib in Resources */,
				50A704B51B65C1BE00FB5E4D /* Images.xcassets in Resources */,
			);
			runOnlyForDeploymentPostprocessing = 0;
		};
		50A704BB1B65C1BE00FB5E4D /* Resources */ = {
			isa = PBXResourcesBuildPhase;
			buildActionMask = 2147483647;
			files = (
			);
			runOnlyForDeploymentPostprocessing = 0;
		};
/* End PBXResourcesBuildPhase section */

/* Begin PBXSourcesBuildPhase section */
		50A704A41B65C1BD00FB5E4D /* Sources */ = {
			isa = PBXSourcesBuildPhase;
			buildActionMask = 2147483647;
			files = (
				50A704B01B65C1BD00FB5E4D /* ViewController.swift in Sources */,
				50A704AE1B65C1BD00FB5E4D /* AppDelegate.swift in Sources */,
			);
			runOnlyForDeploymentPostprocessing = 0;
		};
		50A704B91B65C1BE00FB5E4D /* Sources */ = {
			isa = PBXSourcesBuildPhase;
			buildActionMask = 2147483647;
			files = (
				50A704C41B65C1BE00FB5E4D /* BtnImageSettingTests.swift in Sources */,
			);
			runOnlyForDeploymentPostprocessing = 0;
		};
/* End PBXSourcesBuildPhase section */

/* Begin PBXTargetDependency section */
		50A704BF1B65C1BE00FB5E4D /* PBXTargetDependency */ = {
			isa = PBXTargetDependency;
			target = 50A704A71B65C1BD00FB5E4D /* BtnImageSetting */;
			targetProxy = 50A704BE1B65C1BE00FB5E4D /* PBXContainerItemProxy */;
		};
/* End PBXTargetDependency section */

/* Begin PBXVariantGroup section */
		50A704B11B65C1BE00FB5E4D /* Main.storyboard */ = {
			isa = PBXVariantGroup;
			children = (
				50A704B21B65C1BE00FB5E4D /* Base */,
			);
			name = Main.storyboard;
			sourceTree = "<group>";
		};
		50A704B61B65C1BE00FB5E4D /* LaunchScreen.xib */ = {
			isa = PBXVariantGroup;
			children = (
				50A704B71B65C1BE00FB5E4D /* Base */,
			);
			name = LaunchScreen.xib;
			sourceTree = "<group>";
		};
/* End PBXVariantGroup section */

/* Begin XCBuildConfiguration section */
		50A704C51B65C1BE00FB5E4D /* Debug */ = {
			isa = XCBuildConfiguration;
			buildSettings = {
				ALWAYS_SEARCH_USER_PATHS = NO;
				CLANG_CXX_LANGUAGE_STANDARD = "gnu++0x";
				CLANG_CXX_LIBRARY = "libc++";
				CLANG_ENABLE_MODULES = YES;
				CLANG_ENABLE_OBJC_ARC = YES;
				CLANG_WARN_BOOL_CONVERSION = YES;
				CLANG_WARN_CONSTANT_CONVERSION = YES;
				CLANG_WARN_DIRECT_OBJC_ISA_USAGE = YES_ERROR;
				CLANG_WARN_EMPTY_BODY = YES;
				CLANG_WARN_ENUM_CONVERSION = YES;
				CLANG_WARN_INT_CONVERSION = YES;
				CLANG_WARN_OBJC_ROOT_CLASS = YES_ERROR;
				CLANG_WARN_UNREACHABLE_CODE = YES;
				CLANG_WARN__DUPLICATE_METHOD_MATCH = YES;
				"CODE_SIGN_IDENTITY[sdk=iphoneos*]" = "iPhone Developer";
				COPY_PHASE_STRIP = NO;
				DEBUG_INFORMATION_FORMAT = "dwarf-with-dsym";
				ENABLE_STRICT_OBJC_MSGSEND = YES;
				GCC_C_LANGUAGE_STANDARD = gnu99;
				GCC_DYNAMIC_NO_PIC = NO;
				GCC_NO_COMMON_BLOCKS = YES;
				GCC_OPTIMIZATION_LEVEL = 0;
				GCC_PREPROCESSOR_DEFINITIONS = (
					"DEBUG=1",
					"$(inherited)",
				);
				GCC_SYMBOLS_PRIVATE_EXTERN = NO;
				GCC_WARN_64_TO_32_BIT_CONVERSION = YES;
				GCC_WARN_ABOUT_RETURN_TYPE = YES_ERROR;
				GCC_WARN_UNDECLARED_SELECTOR = YES;
				GCC_WARN_UNINITIALIZED_AUTOS = YES_AGGRESSIVE;
				GCC_WARN_UNUSED_FUNCTION = YES;
				GCC_WARN_UNUSED_VARIABLE = YES;
				IPHONEOS_DEPLOYMENT_TARGET = 8.3;
				MTL_ENABLE_DEBUG_INFO = YES;
				ONLY_ACTIVE_ARCH = YES;
				SDKROOT = iphoneos;
				SWIFT_OPTIMIZATION_LEVEL = "-Onone";
			};
			name = Debug;
		};
		50A704C61B65C1BE00FB5E4D /* Release */ = {
			isa = XCBuildConfiguration;
			buildSettings = {
				ALWAYS_SEARCH_USER_PATHS = NO;
				CLANG_CXX_LANGUAGE_STANDARD = "gnu++0x";
				CLANG_CXX_LIBRARY = "libc++";
				CLANG_ENABLE_MODULES = YES;
				CLANG_ENABLE_OBJC_ARC = YES;
				CLANG_WARN_BOOL_CONVERSION = YES;
				CLANG_WARN_CONSTANT_CONVERSION = YES;
				CLANG_WARN_DIRECT_OBJC_ISA_USAGE = YES_ERROR;
				CLANG_WARN_EMPTY_BODY = YES;
				CLANG_WARN_ENUM_CONVERSION = YES;
				CLANG_WARN_INT_CONVERSION = YES;
				CLANG_WARN_OBJC_ROOT_CLASS = YES_ERROR;
				CLANG_WARN_UNREACHABLE_CODE = YES;
				CLANG_WARN__DUPLICATE_METHOD_MATCH = YES;
				"CODE_SIGN_IDENTITY[sdk=iphoneos*]" = "iPhone Developer";
				COPY_PHASE_STRIP = NO;
				DEBUG_INFORMATION_FORMAT = "dwarf-with-dsym";
				ENABLE_NS_ASSERTIONS = NO;
				ENABLE_STRICT_OBJC_MSGSEND = YES;
				GCC_C_LANGUAGE_STANDARD = gnu99;
				GCC_NO_COMMON_BLOCKS = YES;
				GCC_WARN_64_TO_32_BIT_CONVERSION = YES;
				GCC_WARN_ABOUT_RETURN_TYPE = YES_ERROR;
				GCC_WARN_UNDECLARED_SELECTOR = YES;
				GCC_WARN_UNINITIALIZED_AUTOS = YES_AGGRESSIVE;
				GCC_WARN_UNUSED_FUNCTION = YES;
				GCC_WARN_UNUSED_VARIABLE = YES;
				IPHONEOS_DEPLOYMENT_TARGET = 8.3;
				MTL_ENABLE_DEBUG_INFO = NO;
				SDKROOT = iphoneos;
				VALIDATE_PRODUCT = YES;
			};
			name = Release;
		};
		50A704C81B65C1BE00FB5E4D /* Debug */ = {
			isa = XCBuildConfiguration;
			buildSettings = {
				ASSETCATALOG_COMPILER_APPICON_NAME = AppIcon;
				INFOPLIST_FILE = BtnImageSetting/Info.plist;
				LD_RUNPATH_SEARCH_PATHS = "$(inherited) @executable_path/Frameworks";
				PRODUCT_NAME = "$(TARGET_NAME)";
			};
			name = Debug;
		};
		50A704C91B65C1BE00FB5E4D /* Release */ = {
			isa = XCBuildConfiguration;
			buildSettings = {
				ASSETCATALOG_COMPILER_APPICON_NAME = AppIcon;
				INFOPLIST_FILE = BtnImageSetting/Info.plist;
				LD_RUNPATH_SEARCH_PATHS = "$(inherited) @executable_path/Frameworks";
				PRODUCT_NAME = "$(TARGET_NAME)";
			};
			name = Release;
		};
		50A704CB1B65C1BE00FB5E4D /* Debug */ = {
			isa = XCBuildConfiguration;
			buildSettings = {
				BUNDLE_LOADER = "$(TEST_HOST)";
				FRAMEWORK_SEARCH_PATHS = (
					"$(SDKROOT)/Developer/Library/Frameworks",
					"$(inherited)",
				);
				GCC_PREPROCESSOR_DEFINITIONS = (
					"DEBUG=1",
					"$(inherited)",
				);
				INFOPLIST_FILE = BtnImageSettingTests/Info.plist;
				LD_RUNPATH_SEARCH_PATHS = "$(inherited) @executable_path/Frameworks @loader_path/Frameworks";
				PRODUCT_NAME = "$(TARGET_NAME)";
				TEST_HOST = "$(BUILT_PRODUCTS_DIR)/BtnImageSetting.app/BtnImageSetting";
			};
			name = Debug;
		};
		50A704CC1B65C1BE00FB5E4D /* Release */ = {
			isa = XCBuildConfiguration;
			buildSettings = {
				BUNDLE_LOADER = "$(TEST_HOST)";
				FRAMEWORK_SEARCH_PATHS = (
					"$(SDKROOT)/Developer/Library/Frameworks",
					"$(inherited)",
				);
				INFOPLIST_FILE = BtnImageSettingTests/Info.plist;
				LD_RUNPATH_SEARCH_PATHS = "$(inherited) @executable_path/Frameworks @loader_path/Frameworks";
				PRODUCT_NAME = "$(TARGET_NAME)";
				TEST_HOST = "$(BUILT_PRODUCTS_DIR)/BtnImageSetting.app/BtnImageSetting";
			};
			name = Release;
		};
/* End XCBuildConfiguration section */

/* Begin XCConfigurationList section */
		50A704A31B65C1BD00FB5E4D /* Build configuration list for PBXProject "BtnImageSetting" */ = {
			isa = XCConfigurationList;
			buildConfigurations = (
				50A704C51B65C1BE00FB5E4D /* Debug */,
				50A704C61B65C1BE00FB5E4D /* Release */,
			);
			defaultConfigurationIsVisible = 0;
			defaultConfigurationName = Release;
		};
		50A704C71B65C1BE00FB5E4D /* Build configuration list for PBXNativeTarget "BtnImageSetting" */ = {
			isa = XCConfigurationList;
			buildConfigurations = (
				50A704C81B65C1BE00FB5E4D /* Debug */,
				50A704C91B65C1BE00FB5E4D /* Release */,
			);
			defaultConfigurationIsVisible = 0;
		};
		50A704CA1B65C1BE00FB5E4D /* Build configuration list for PBXNativeTarget "BtnImageSettingTests" */ = {
			isa = XCConfigurationList;
			buildConfigurations = (
				50A704CB1B65C1BE00FB5E4D /* Debug */,
				50A704CC1B65C1BE00FB5E4D /* Release */,
			);
			defaultConfigurationIsVisible = 0;
		};
/* End XCConfigurationList section */
	};
	rootObject = 50A704A01B65C1BD00FB5E4D /* Project object */;
}
